// !$*UTF8*$!
{
	archiveVersion = 1;
	classes = {
	};
	objectVersion = 50;
	objects = {

/* Begin PBXBuildFile section */
		D784C21F23578E0800AFF28A /* AppDelegate.swift in Sources */ = {isa = PBXBuildFile; fileRef = D784C21E23578E0800AFF28A /* AppDelegate.swift */; };
		D784C22123578E0800AFF28A /* SceneDelegate.swift in Sources */ = {isa = PBXBuildFile; fileRef = D784C22023578E0800AFF28A /* SceneDelegate.swift */; };
		D784C22323578E0800AFF28A /* ContentView.swift in Sources */ = {isa = PBXBuildFile; fileRef = D784C22223578E0800AFF28A /* ContentView.swift */; };
		D784C22523578E1200AFF28A /* Assets.xcassets in Resources */ = {isa = PBXBuildFile; fileRef = D784C22423578E1200AFF28A /* Assets.xcassets */; };
		D784C22823578E1200AFF28A /* Preview Assets.xcassets in Resources */ = {isa = PBXBuildFile; fileRef = D784C22723578E1200AFF28A /* Preview Assets.xcassets */; };
		D784C22B23578E1200AFF28A /* LaunchScreen.storyboard in Resources */ = {isa = PBXBuildFile; fileRef = D784C22923578E1200AFF28A /* LaunchScreen.storyboard */; };
/* End PBXBuildFile section */

/* Begin PBXFileReference section */
		D784C21B23578E0800AFF28A /* SwiftUICameraView.app */ = {isa = PBXFileReference; explicitFileType = wrapper.application; includeInIndex = 0; path = SwiftUICameraView.app; sourceTree = BUILT_PRODUCTS_DIR; };
		D784C21E23578E0800AFF28A /* AppDelegate.swift */ = {isa = PBXFileReference; lastKnownFileType = sourcecode.swift; path = AppDelegate.swift; sourceTree = "<group>"; };
		D784C22023578E0800AFF28A /* SceneDelegate.swift */ = {isa = PBXFileReference; lastKnownFileType = sourcecode.swift; path = SceneDelegate.swift; sourceTree = "<group>"; };
		D784C22223578E0800AFF28A /* ContentView.swift */ = {isa = PBXFileReference; lastKnownFileType = sourcecode.swift; path = ContentView.swift; sourceTree = "<group>"; };
		D784C22423578E1200AFF28A /* Assets.xcassets */ = {isa = PBXFileReference; lastKnownFileType = folder.assetcatalog; path = Assets.xcassets; sourceTree = "<group>"; };
		D784C22723578E1200AFF28A /* Preview Assets.xcassets */ = {isa = PBXFileReference; lastKnownFileType = folder.assetcatalog; path = "Preview Assets.xcassets"; sourceTree = "<group>"; };
		D784C22A23578E1200AFF28A /* Base */ = {isa = PBXFileReference; lastKnownFileType = file.storyboard; name = Base; path = Base.lproj/LaunchScreen.storyboard; sourceTree = "<group>"; };
		D784C22C23578E1200AFF28A /* Info.plist */ = {isa = PBXFileReference; lastKnownFileType = text.plist.xml; path = Info.plist; sourceTree = "<group>"; };
/* End PBXFileReference section */

/* Begin PBXFrameworksBuildPhase section */
		D784C21823578E0800AFF28A /* Frameworks */ = {
			isa = PBXFrameworksBuildPhase;
			buildActionMask = 2147483647;
			files = (
			);
			runOnlyForDeploymentPostprocessing = 0;
		};
/* End PBXFrameworksBuildPhase section */

/* Begin PBXGroup section */
		D784C21223578E0800AFF28A = {
			isa = PBXGroup;
			children = (
				D784C21D23578E0800AFF28A /* SwiftUICameraView */,
				D784C21C23578E0800AFF28A /* Products */,
			);
			sourceTree = "<group>";
		};
		D784C21C23578E0800AFF28A /* Products */ = {
			isa = PBXGroup;
			children = (
				D784C21B23578E0800AFF28A /* SwiftUICameraView.app */,
			);
			name = Products;
			sourceTree = "<group>";
		};
		D784C21D23578E0800AFF28A /* SwiftUICameraView */ = {
			isa = PBXGroup;
			children = (
				D784C21E23578E0800AFF28A /* AppDelegate.swift */,
				D784C22023578E0800AFF28A /* SceneDelegate.swift */,
				D784C22223578E0800AFF28A /* ContentView.swift */,
				D784C22423578E1200AFF28A /* Assets.xcassets */,
				D784C22923578E1200AFF28A /* LaunchScreen.storyboard */,
				D784C22C23578E1200AFF28A /* Info.plist */,
				D784C22623578E1200AFF28A /* Preview Content */,
			);
			path = SwiftUICameraView;
			sourceTree = "<group>";
		};
		D784C22623578E1200AFF28A /* Preview Content */ = {
			isa = PBXGroup;
			children = (
				D784C22723578E1200AFF28A /* Preview Assets.xcassets */,
			);
			path = "Preview Content";
			sourceTree = "<group>";
		};
/* End PBXGroup section */

/* Begin PBXNativeTarget section */
		D784C21A23578E0800AFF28A /* SwiftUICameraView */ = {
			isa = PBXNativeTarget;
			buildConfigurationList = D784C22F23578E1200AFF28A /* Build configuration list for PBXNativeTarget "SwiftUICameraView" */;
			buildPhases = (
				D784C21723578E0800AFF28A /* Sources */,
				D784C21823578E0800AFF28A /* Frameworks */,
				D784C21923578E0800AFF28A /* Resources */,
			);
			buildRules = (
			);
			dependencies = (
			);
			name = SwiftUICameraView;
			productName = SwiftUICameraView;
			productReference = D784C21B23578E0800AFF28A /* SwiftUICameraView.app */;
			productType = "com.apple.product-type.application";
		};
/* End PBXNativeTarget section */

/* Begin PBXProject section */
		D784C21323578E0800AFF28A /* Project object */ = {
			isa = PBXProject;
			attributes = {
				LastSwiftUpdateCheck = 1100;
				LastUpgradeCheck = 1100;
				ORGANIZATIONNAME = jdc0rp;
				TargetAttributes = {
					D784C21A23578E0800AFF28A = {
						CreatedOnToolsVersion = 11.0;
					};
				};
			};
			buildConfigurationList = D784C21623578E0800AFF28A /* Build configuration list for PBXProject "SwiftUICameraView" */;
			compatibilityVersion = "Xcode 9.3";
			developmentRegion = en;
			hasScannedForEncodings = 0;
			knownRegions = (
				en,
				Base,
			);
			mainGroup = D784C21223578E0800AFF28A;
			productRefGroup = D784C21C23578E0800AFF28A /* Products */;
			projectDirPath = "";
			projectRoot = "";
			targets = (
				D784C21A23578E0800AFF28A /* SwiftUICameraView */,
			);
		};
/* End PBXProject section */

/* Begin PBXResourcesBuildPhase section */
		D784C21923578E0800AFF28A /* Resources */ = {
			isa = PBXResourcesBuildPhase;
			buildActionMask = 2147483647;
			files = (
				D784C22B23578E1200AFF28A /* LaunchScreen.storyboard in Resources */,
				D784C22823578E1200AFF28A /* Preview Assets.xcassets in Resources */,
				D784C22523578E1200AFF28A /* Assets.xcassets in Resources */,
			);
			runOnlyForDeploymentPostprocessing = 0;
		};
/* End PBXResourcesBuildPhase section */

/* Begin PBXSourcesBuildPhase section */
		D784C21723578E0800AFF28A /* Sources */ = {
			isa = PBXSourcesBuildPhase;
			buildActionMask = 2147483647;
			files = (
				D784C21F23578E0800AFF28A /* AppDelegate.swift in Sources */,
				D784C22123578E0800AFF28A /* SceneDelegate.swift in Sources */,
				D784C22323578E0800AFF28A /* ContentView.swift in Sources */,
			);
			runOnlyForDeploymentPostprocessing = 0;
		};
/* End PBXSourcesBuildPhase section */

/* Begin PBXVariantGroup section */
		D784C22923578E1200AFF28A /* LaunchScreen.storyboard */ = {
			isa = PBXVariantGroup;
			children = (
				D784C22A23578E1200AFF28A /* Base */,
			);
			name = LaunchScreen.storyboard;
			sourceTree = "<group>";
		};
/* End PBXVariantGroup section */

/* Begin XCBuildConfiguration section */
		D784C22D23578E1200AFF28A /* Debug */ = {
			isa = XCBuildConfiguration;
			buildSettings = {
				ALWAYS_SEARCH_USER_PATHS = NO;
				CLANG_ANALYZER_NONNULL = YES;
				CLANG_ANALYZER_NUMBER_OBJECT_CONVERSION = YES_AGGRESSIVE;
				CLANG_CXX_LANGUAGE_STANDARD = "gnu++14";
				CLANG_CXX_LIBRARY = "libc++";
				CLANG_ENABLE_MODULES = YES;
				CLANG_ENABLE_OBJC_ARC = YES;
				CLANG_ENABLE_OBJC_WEAK = YES;
				CLANG_WARN_BLOCK_CAPTURE_AUTORELEASING = YES;
				CLANG_WARN_BOOL_CONVERSION = YES;
				CLANG_WARN_COMMA = YES;
				CLANG_WARN_CONSTANT_CONVERSION = YES;
				CLANG_WARN_DEPRECATED_OBJC_IMPLEMENTATIONS = YES;
				CLANG_WARN_DIRECT_OBJC_ISA_USAGE = YES_ERROR;
				CLANG_WARN_DOCUMENTATION_COMMENTS = YES;
				CLANG_WARN_EMPTY_BODY = YES;
				CLANG_WARN_ENUM_CONVERSION = YES;
				CLANG_WARN_INFINITE_RECURSION = YES;
				CLANG_WARN_INT_CONVERSION = YES;
				CLANG_WARN_NON_LITERAL_NULL_CONVERSION = YES;
				CLANG_WARN_OBJC_IMPLICIT_RETAIN_SELF = YES;
				CLANG_WARN_OBJC_LITERAL_CONVERSION = YES;
				CLANG_WARN_OBJC_ROOT_CLASS = YES_ERROR;
				CLANG_WARN_RANGE_LOOP_ANALYSIS = YES;
				CLANG_WARN_STRICT_PROTOTYPES = YES;
				CLANG_WARN_SUSPICIOUS_MOVE = YES;
				CLANG_WARN_UNGUARDED_AVAILABILITY = YES_AGGRESSIVE;
				CLANG_WARN_UNREACHABLE_CODE = YES;
				CLANG_WARN__DUPLICATE_METHOD_MATCH = YES;
				COPY_PHASE_STRIP = NO;
				DEBUG_INFORMATION_FORMAT = dwarf;
				ENABLE_STRICT_OBJC_MSGSEND = YES;
				ENABLE_TESTABILITY = YES;
				GCC_C_LANGUAGE_STANDARD = gnu11;
				GCC_DYNAMIC_NO_PIC = NO;
				GCC_NO_COMMON_BLOCKS = YES;
				GCC_OPTIMIZATION_LEVEL = 0;
				GCC_PREPROCESSOR_DEFINITIONS = (
					"DEBUG=1",
					"$(inherited)",
				);
				GCC_WARN_64_TO_32_BIT_CONVERSION = YES;
				GCC_WARN_ABOUT_RETURN_TYPE = YES_ERROR;
				GCC_WARN_UNDECLARED_SELECTOR = YES;
				GCC_WARN_UNINITIALIZED_AUTOS = YES_AGGRESSIVE;
				GCC_WARN_UNUSED_FUNCTION = YES;
				GCC_WARN_UNUSED_VARIABLE = YES;
				IPHONEOS_DEPLOYMENT_TARGET = 13.0;
				MTL_ENABLE_DEBUG_INFO = INCLUDE_SOURCE;
				MTL_FAST_MATH = YES;
				ONLY_ACTIVE_ARCH = YES;
				SDKROOT = iphoneos;
				SWIFT_ACTIVE_COMPILATION_CONDITIONS = DEBUG;
				SWIFT_OPTIMIZATION_LEVEL = "-Onone";
			};
			name = Debug;
		};
		D784C22E23578E1200AFF28A /* Release */ = {
			isa = XCBuildConfiguration;
			buildSettings = {
				ALWAYS_SEARCH_USER_PATHS = NO;
				CLANG_ANALYZER_NONNULL = YES;
				CLANG_ANALYZER_NUMBER_OBJECT_CONVERSION = YES_AGGRESSIVE;
				CLANG_CXX_LANGUAGE_STANDARD = "gnu++14";
				CLANG_CXX_LIBRARY = "libc++";
				CLANG_ENABLE_MODULES = YES;
				CLANG_ENABLE_OBJC_ARC = YES;
				CLANG_ENABLE_OBJC_WEAK = YES;
				CLANG_WARN_BLOCK_CAPTURE_AUTORELEASING = YES;
				CLANG_WARN_BOOL_CONVERSION = YES;
				CLANG_WARN_COMMA = YES;
				CLANG_WARN_CONSTANT_CONVERSION = YES;
				CLANG_WARN_DEPRECATED_OBJC_IMPLEMENTATIONS = YES;
				CLANG_WARN_DIRECT_OBJC_ISA_USAGE = YES_ERROR;
				CLANG_WARN_DOCUMENTATION_COMMENTS = YES;
				CLANG_WARN_EMPTY_BODY = YES;
				CLANG_WARN_ENUM_CONVERSION = YES;
				CLANG_WARN_INFINITE_RECURSION = YES;
				CLANG_WARN_INT_CONVERSION = YES;
				CLANG_WARN_NON_LITERAL_NULL_CONVERSION = YES;
				CLANG_WARN_OBJC_IMPLICIT_RETAIN_SELF = YES;
				CLANG_WARN_OBJC_LITERAL_CONVERSION = YES;
				CLANG_WARN_OBJC_ROOT_CLASS = YES_ERROR;
				CLANG_WARN_RANGE_LOOP_ANALYSIS = YES;
				CLANG_WARN_STRICT_PROTOTYPES = YES;
				CLANG_WARN_SUSPICIOUS_MOVE = YES;
				CLANG_WARN_UNGUARDED_AVAILABILITY = YES_AGGRESSIVE;
				CLANG_WARN_UNREACHABLE_CODE = YES;
				CLANG_WARN__DUPLICATE_METHOD_MATCH = YES;
				COPY_PHASE_STRIP = NO;
				DEBUG_INFORMATION_FORMAT = "dwarf-with-dsym";
				ENABLE_NS_ASSERTIONS = NO;
				ENABLE_STRICT_OBJC_MSGSEND = YES;
				GCC_C_LANGUAGE_STANDARD = gnu11;
				GCC_NO_COMMON_BLOCKS = YES;
				GCC_WARN_64_TO_32_BIT_CONVERSION = YES;
				GCC_WARN_ABOUT_RETURN_TYPE = YES_ERROR;
				GCC_WARN_UNDECLARED_SELECTOR = YES;
				GCC_WARN_UNINITIALIZED_AUTOS = YES_AGGRESSIVE;
				GCC_WARN_UNUSED_FUNCTION = YES;
				GCC_WARN_UNUSED_VARIABLE = YES;
				IPHONEOS_DEPLOYMENT_TARGET = 13.0;
				MTL_ENABLE_DEBUG_INFO = NO;
				MTL_FAST_MATH = YES;
				SDKROOT = iphoneos;
				SWIFT_COMPILATION_MODE = wholemodule;
				SWIFT_OPTIMIZATION_LEVEL = "-O";
				VALIDATE_PRODUCT = YES;
			};
			name = Release;
		};
		D784C23023578E1200AFF28A /* Debug */ = {
			isa = XCBuildConfiguration;
			buildSettings = {
				ASSETCATALOG_COMPILER_APPICON_NAME = AppIcon;
				CODE_SIGN_STYLE = Automatic;
				DEVELOPMENT_ASSET_PATHS = "\"SwiftUICameraView/Preview Content\"";
				DEVELOPMENT_TEAM = LNA9PE68R4;
				ENABLE_PREVIEWS = YES;
				INFOPLIST_FILE = SwiftUICameraView/Info.plist;
				LD_RUNPATH_SEARCH_PATHS = (
					"$(inherited)",
					"@executable_path/Frameworks",
				);
				PRODUCT_BUNDLE_IDENTIFIER = com.jdc0rp.SwiftUICameraView;
				PRODUCT_NAME = "$(TARGET_NAME)";
				SWIFT_VERSION = 5.0;
				TARGETED_DEVICE_FAMILY = "1,2";
			};
			name = Debug;
		};
		D784C23123578E1200AFF28A /* Release */ = {
			isa = XCBuildConfiguration;
			buildSettings = {
				ASSETCATALOG_COMPILER_APPICON_NAME = AppIcon;
				CODE_SIGN_STYLE = Automatic;
				DEVELOPMENT_ASSET_PATHS = "\"SwiftUICameraView/Preview Content\"";
				DEVELOPMENT_TEAM = LNA9PE68R4;
				ENABLE_PREVIEWS = YES;
				INFOPLIST_FILE = SwiftUICameraView/Info.plist;
				LD_RUNPATH_SEARCH_PATHS = (
					"$(inherited)",
					"@executable_path/Frameworks",
				);
				PRODUCT_BUNDLE_IDENTIFIER = com.jdc0rp.SwiftUICameraView;
				PRODUCT_NAME = "$(TARGET_NAME)";
				SWIFT_VERSION = 5.0;
				TARGETED_DEVICE_FAMILY = "1,2";
			};
			name = Release;
		};
/* End XCBuildConfiguration section */

/* Begin XCConfigurationList section */
		D784C21623578E0800AFF28A /* Build configuration list for PBXProject "SwiftUICameraView" */ = {
			isa = XCConfigurationList;
			buildConfigurations = (
				D784C22D23578E1200AFF28A /* Debug */,
				D784C22E23578E1200AFF28A /* Release */,
			);
			defaultConfigurationIsVisible = 0;
			defaultConfigurationName = Release;
		};
		D784C22F23578E1200AFF28A /* Build configuration list for PBXNativeTarget "SwiftUICameraView" */ = {
			isa = XCConfigurationList;
			buildConfigurations = (
				D784C23023578E1200AFF28A /* Debug */,
				D784C23123578E1200AFF28A /* Release */,
			);
			defaultConfigurationIsVisible = 0;
			defaultConfigurationName = Release;
		};
/* End XCConfigurationList section */
	};
	rootObject = D784C21323578E0800AFF28A /* Project object */;
}
